
Microsoft Visual Studio Solution File, Format Version 12.00
# Visual Studio Version 17
VisualStudioVersion = 17.11.35312.102
MinimumVisualStudioVersion = 10.0.40219.1
Project("{FAE04EC0-301F-11D3-BF4B-00C04F79EFBC}") = "morizuq", "morizuq\morizuq.csproj", "{9DD66401-9495-4878-83C1-9BADF07EE73F}"
EndProject
Global
	GlobalSection(SolutionConfigurationPlatforms) = preSolution
		Debug|Any CPU = Debug|Any CPU
		Release|Any CPU = Release|Any CPU
	EndGlobalSection
	GlobalSection(ProjectConfigurationPlatforms) = postSolution
		{9DD66401-9495-4878-83C1-9BADF07EE73F}.Debug|Any CPU.ActiveCfg = Debug|Any CPU
		{9DD66401-9495-4878-83C1-9BADF07EE73F}.Debug|Any CPU.Build.0 = Debug|Any CPU
		{9DD66401-9495-4878-83C1-9BADF07EE73F}.Release|Any CPU.ActiveCfg = Release|Any CPU
		{9DD66401-9495-4878-83C1-9BADF07EE73F}.Release|Any CPU.Build.0 = Release|Any CPU
	EndGlobalSection
	GlobalSection(SolutionProperties) = preSolution
		HideSolutionNode = FALSE
	EndGlobalSection
	GlobalSection(ExtensibilityGlobals) = postSolution
		SolutionGuid = {0322671D-1DEE-47C0-9A3A-840D3AED5248}
	EndGlobalSection
EndGlobal
